{
  "name": "dentacare-mas",
  "lockfileVersion": 2,
  "requires": true,
  "packages": {
    "": {
      "dependencies": {
        "photoswipe": "github:dimsemenov/photoswipe#v5-beta",
        "viewerjs": "^1.10.1"
      }
    },
    "node_modules/photoswipe": {
      "version": "5.1.2",
      "resolved": "git+ssh://git@github.com/dimsemenov/photoswipe.git#afc1683f316107c9d10927e60679934d51fca5b0",
      "license": "MIT",
      "engines": {
        "node": ">= 0.12.0"
      }
    },
    "node_modules/viewerjs": {
      "version": "1.10.1",
      "resolved": "https://registry.npmjs.org/viewerjs/-/viewerjs-1.10.1.tgz",
      "integrity": "sha512-Oyzd3JP9dDSd+bBulfnQ+UTfHoobFwkmcT/uKSnQXjmPz7rZU0HJIiKudxPaMsiv17dr4Sm1cHnASJcDlFw1PA=="
    }
  },
  "dependencies": {
    "photoswipe": {
      "version": "git+ssh://git@github.com/dimsemenov/photoswipe.git#afc1683f316107c9d10927e60679934d51fca5b0",
      "from": "photoswipe@git://github.com/dimsemenov/photoswipe#v5-beta"
    },
    "viewerjs": {
      "version": "1.10.1",
      "resolved": "https://registry.npmjs.org/viewerjs/-/viewerjs-1.10.1.tgz",
      "integrity": "sha512-Oyzd3JP9dDSd+bBulfnQ+UTfHoobFwkmcT/uKSnQXjmPz7rZU0HJIiKudxPaMsiv17dr4Sm1cHnASJcDlFw1PA=="
    }
  }
}
